
Microsoft Visual Studio Solution File, Format Version 12.00
# Visual Studio Version 17
VisualStudioVersion = 17.13.35931.197
MinimumVisualStudioVersion = 10.0.40219.1
Project("{FAE04EC0-301F-11D3-BF4B-00C04F79EFBC}") = "WpfMqttSubApp", "WpfMqttSubApp\WpfMqttSubApp.csproj", "{C21ADA4D-7A41-44E9-8B31-3F425A0A355B}"
EndProject
Project("{FAE04EC0-301F-11D3-BF4B-00C04F79EFBC}") = "BusanRestaurantApp", "..\..\day08\Day08Study\BusanRestaurantApp\BusanRestaurantApp.csproj", "{AC810C3F-4DF6-632D-2156-6CE50E283F58}"
EndProject
Global
	GlobalSection(SolutionConfigurationPlatforms) = preSolution
		Debug|Any CPU = Debug|Any CPU
		Debug|x64 = Debug|x64
		Release|Any CPU = Release|Any CPU
		Release|x64 = Release|x64
	EndGlobalSection
	GlobalSection(ProjectConfigurationPlatforms) = postSolution
		{C21ADA4D-7A41-44E9-8B31-3F425A0A355B}.Debug|Any CPU.ActiveCfg = Debug|Any CPU
		{C21ADA4D-7A41-44E9-8B31-3F425A0A355B}.Debug|Any CPU.Build.0 = Debug|Any CPU
		{C21ADA4D-7A41-44E9-8B31-3F425A0A355B}.Debug|x64.ActiveCfg = Debug|Any CPU
		{C21ADA4D-7A41-44E9-8B31-3F425A0A355B}.Debug|x64.Build.0 = Debug|Any CPU
		{C21ADA4D-7A41-44E9-8B31-3F425A0A355B}.Release|Any CPU.ActiveCfg = Release|Any CPU
		{C21ADA4D-7A41-44E9-8B31-3F425A0A355B}.Release|Any CPU.Build.0 = Release|Any CPU
		{C21ADA4D-7A41-44E9-8B31-3F425A0A355B}.Release|x64.ActiveCfg = Release|Any CPU
		{C21ADA4D-7A41-44E9-8B31-3F425A0A355B}.Release|x64.Build.0 = Release|Any CPU
		{AC810C3F-4DF6-632D-2156-6CE50E283F58}.Debug|Any CPU.ActiveCfg = Debug|Any CPU
		{AC810C3F-4DF6-632D-2156-6CE50E283F58}.Debug|Any CPU.Build.0 = Debug|Any CPU
		{AC810C3F-4DF6-632D-2156-6CE50E283F58}.Debug|x64.ActiveCfg = Debug|x64
		{AC810C3F-4DF6-632D-2156-6CE50E283F58}.Debug|x64.Build.0 = Debug|x64
		{AC810C3F-4DF6-632D-2156-6CE50E283F58}.Release|Any CPU.ActiveCfg = Release|Any CPU
		{AC810C3F-4DF6-632D-2156-6CE50E283F58}.Release|Any CPU.Build.0 = Release|Any CPU
		{AC810C3F-4DF6-632D-2156-6CE50E283F58}.Release|x64.ActiveCfg = Release|x64
		{AC810C3F-4DF6-632D-2156-6CE50E283F58}.Release|x64.Build.0 = Release|x64
	EndGlobalSection
	GlobalSection(SolutionProperties) = preSolution
		HideSolutionNode = FALSE
	EndGlobalSection
	GlobalSection(ExtensibilityGlobals) = postSolution
		SolutionGuid = {D667616A-FDDA-494E-AE62-84F656C9DBA1}
	EndGlobalSection
EndGlobal
