
Microsoft Visual Studio Solution File, Format Version 12.00
# Visual Studio Version 17
VisualStudioVersion = 17.13.35931.197 d17.13
MinimumVisualStudioVersion = 10.0.40219.1
Project("{FAE04EC0-301F-11D3-BF4B-00C04F79EFBC}") = "WpfBasicApp01", "WpfBasicApp01\WpfBasicApp01.csproj", "{027B1CE6-FF36-41B8-A9F8-DB8CF9287045}"
EndProject
Project("{FAE04EC0-301F-11D3-BF4B-00C04F79EFBC}") = "WpfBasicApp02", "WpfBasicApp02\WpfBasicApp02.csproj", "{947B1D15-6A68-410C-94B7-5BDD62AED7DE}"
EndProject
Global
	GlobalSection(SolutionConfigurationPlatforms) = preSolution
		Debug|Any CPU = Debug|Any CPU
		Release|Any CPU = Release|Any CPU
	EndGlobalSection
	GlobalSection(ProjectConfigurationPlatforms) = postSolution
		{027B1CE6-FF36-41B8-A9F8-DB8CF9287045}.Debug|Any CPU.ActiveCfg = Debug|Any CPU
		{027B1CE6-FF36-41B8-A9F8-DB8CF9287045}.Debug|Any CPU.Build.0 = Debug|Any CPU
		{027B1CE6-FF36-41B8-A9F8-DB8CF9287045}.Release|Any CPU.ActiveCfg = Release|Any CPU
		{027B1CE6-FF36-41B8-A9F8-DB8CF9287045}.Release|Any CPU.Build.0 = Release|Any CPU
		{947B1D15-6A68-410C-94B7-5BDD62AED7DE}.Debug|Any CPU.ActiveCfg = Debug|Any CPU
		{947B1D15-6A68-410C-94B7-5BDD62AED7DE}.Debug|Any CPU.Build.0 = Debug|Any CPU
		{947B1D15-6A68-410C-94B7-5BDD62AED7DE}.Release|Any CPU.ActiveCfg = Release|Any CPU
		{947B1D15-6A68-410C-94B7-5BDD62AED7DE}.Release|Any CPU.Build.0 = Release|Any CPU
	EndGlobalSection
	GlobalSection(SolutionProperties) = preSolution
		HideSolutionNode = FALSE
	EndGlobalSection
	GlobalSection(ExtensibilityGlobals) = postSolution
		SolutionGuid = {F757B64F-E7D1-4A01-970F-9D64749BB2D9}
	EndGlobalSection
EndGlobal
